<?xml version="1.0" encoding="utf-8"?>
<Project ToolsVersion="17.0" xmlns="http://schemas.microsoft.com/developer/msbuild/2003">
  <ItemGroup>
    <ClCompile Include="..\..\Source\Game.Gen.cpp" />
    <ClInclude Include="..\..\Source\Game.Gen.h" />
    <Filter Include="Game">
      <UniqueIdentifier>{9EB26899-EEDB-4E07-AD56-63D10132020F}</UniqueIdentifier>
    </Filter>
    <ClCompile Include="..\..\Source\Game\WiggleScript.cpp">
      <Filter>Game</Filter>
    </ClCompile>
    <ClInclude Include="..\..\Source\Game\WiggleScript.h">
      <Filter>Game</Filter>
    </ClInclude>
    <Filter Include="obj">
      <UniqueIdentifier>{2D509DA6-B3E2-4E4A-9D36-46E977AECF9B}</UniqueIdentifier>
    </Filter>
    <None Include="..\..\Source\obj\Game.csproj.nuget.dgspec.json">
      <Filter>obj</Filter>
    </None>
    <None Include="..\..\Source\obj\Game.csproj.nuget.g.props">
      <Filter>obj</Filter>
    </None>
    <None Include="..\..\Source\obj\Game.csproj.nuget.g.targets">
      <Filter>obj</Filter>
    </None>
    <None Include="..\..\Source\obj\project.assets.json">
      <Filter>obj</Filter>
    </None>
    <None Include="..\..\Source\obj\project.nuget.cache">
      <Filter>obj</Filter>
    </None>
    <Filter Include="Properties">
      <UniqueIdentifier>{F11032D5-5003-4814-AFF9-AF749CE39969}</UniqueIdentifier>
    </Filter>
    <None Include="..\..\Source\Properties\launchSettings.json">
      <Filter>Properties</Filter>
    </None>
  </ItemGroup>
</Project>
